
Microsoft Visual Studio Solution File, Format Version 12.00
# Visual Studio Version 17
VisualStudioVersion = 17.6.33801.468
MinimumVisualStudioVersion = 10.0.40219.1
Project("{FAE04EC0-301F-11D3-BF4B-00C04F79EFBC}") = "PetshopWebApp", "PetshopWebApp.csproj", "{A2A199E3-CF38-4216-8151-5F8632020E71}"
EndProject
Global
	GlobalSection(SolutionConfigurationPlatforms) = preSolution
		Debug|Any CPU = Debug|Any CPU
		Release|Any CPU = Release|Any CPU
	EndGlobalSection
	GlobalSection(ProjectConfigurationPlatforms) = postSolution
		{A2A199E3-CF38-4216-8151-5F8632020E71}.Debug|Any CPU.ActiveCfg = Debug|Any CPU
		{A2A199E3-CF38-4216-8151-5F8632020E71}.Debug|Any CPU.Build.0 = Debug|Any CPU
		{A2A199E3-CF38-4216-8151-5F8632020E71}.Release|Any CPU.ActiveCfg = Release|Any CPU
		{A2A199E3-CF38-4216-8151-5F8632020E71}.Release|Any CPU.Build.0 = Release|Any CPU
	EndGlobalSection
	GlobalSection(SolutionProperties) = preSolution
		HideSolutionNode = FALSE
	EndGlobalSection
	GlobalSection(ExtensibilityGlobals) = postSolution
		SolutionGuid = {98C7C9E8-A5F9-4F15-A9C8-737AB8473D30}
	EndGlobalSection
EndGlobal
